
Microsoft Visual Studio Solution File, Format Version 12.00
# Visual Studio 15
VisualStudioVersion = 15.0.27428.2011
MinimumVisualStudioVersion = 10.0.40219.1
Project("{FAE04EC0-301F-11D3-BF4B-00C04F79EFBC}") = "ScottSilverFernApp.Android", "ScottSilverFernApp\ScottSilverFernApp.Android\ScottSilverFernApp.Android.csproj", "{87228B66-CA52-4B5D-9378-A282C0628657}"
EndProject
Project("{FAE04EC0-301F-11D3-BF4B-00C04F79EFBC}") = "ScottSilverFernApp.iOS", "ScottSilverFernApp\ScottSilverFernApp.iOS\ScottSilverFernApp.iOS.csproj", "{CE18FE2F-6181-4E82-8C66-4FF0AD744813}"
EndProject
Project("{FAE04EC0-301F-11D3-BF4B-00C04F79EFBC}") = "ScottSilverFernApp.UWP", "ScottSilverFernApp\ScottSilverFernApp.UWP\ScottSilverFernApp.UWP.csproj", "{1983C32D-AF4C-4019-AFAD-4DB390D78B20}"
EndProject
Project("{FAE04EC0-301F-11D3-BF4B-00C04F79EFBC}") = "ScottSilverFernApp", "ScottSilverFernApp\ScottSilverFernApp\ScottSilverFernApp.csproj", "{E9B659EB-4323-43E6-801E-BEEA12BDBA9B}"
EndProject
Global
	GlobalSection(SolutionConfigurationPlatforms) = preSolution
		Ad-Hoc|Any CPU = Ad-Hoc|Any CPU
		Ad-Hoc|ARM = Ad-Hoc|ARM
		Ad-Hoc|iPhone = Ad-Hoc|iPhone
		Ad-Hoc|iPhoneSimulator = Ad-Hoc|iPhoneSimulator
		Ad-Hoc|x64 = Ad-Hoc|x64
		Ad-Hoc|x86 = Ad-Hoc|x86
		AppStore|Any CPU = AppStore|Any CPU
		AppStore|ARM = AppStore|ARM
		AppStore|iPhone = AppStore|iPhone
		AppStore|iPhoneSimulator = AppStore|iPhoneSimulator
		AppStore|x64 = AppStore|x64
		AppStore|x86 = AppStore|x86
		Debug|Any CPU = Debug|Any CPU
		Debug|ARM = Debug|ARM
		Debug|iPhone = Debug|iPhone
		Debug|iPhoneSimulator = Debug|iPhoneSimulator
		Debug|x64 = Debug|x64
		Debug|x86 = Debug|x86
		Release|Any CPU = Release|Any CPU
		Release|ARM = Release|ARM
		Release|iPhone = Release|iPhone
		Release|iPhoneSimulator = Release|iPhoneSimulator
		Release|x64 = Release|x64
		Release|x86 = Release|x86
	EndGlobalSection
	GlobalSection(ProjectConfigurationPlatforms) = postSolution
		{87228B66-CA52-4B5D-9378-A282C0628657}.Ad-Hoc|Any CPU.ActiveCfg = Release|Any CPU
		{87228B66-CA52-4B5D-9378-A282C0628657}.Ad-Hoc|Any CPU.Build.0 = Release|Any CPU
		{87228B66-CA52-4B5D-9378-A282C0628657}.Ad-Hoc|Any CPU.Deploy.0 = Release|Any CPU
		{87228B66-CA52-4B5D-9378-A282C0628657}.Ad-Hoc|ARM.ActiveCfg = Release|Any CPU
		{87228B66-CA52-4B5D-9378-A282C0628657}.Ad-Hoc|ARM.Build.0 = Release|Any CPU
		{87228B66-CA52-4B5D-9378-A282C0628657}.Ad-Hoc|ARM.Deploy.0 = Release|Any CPU
		{87228B66-CA52-4B5D-9378-A282C0628657}.Ad-Hoc|iPhone.ActiveCfg = Release|Any CPU
		{87228B66-CA52-4B5D-9378-A282C0628657}.Ad-Hoc|iPhone.Build.0 = Release|Any CPU
		{87228B66-CA52-4B5D-9378-A282C0628657}.Ad-Hoc|iPhone.Deploy.0 = Release|Any CPU
		{87228B66-CA52-4B5D-9378-A282C0628657}.Ad-Hoc|iPhoneSimulator.ActiveCfg = Release|Any CPU
		{87228B66-CA52-4B5D-9378-A282C0628657}.Ad-Hoc|iPhoneSimulator.Build.0 = Release|Any CPU
		{87228B66-CA52-4B5D-9378-A282C0628657}.Ad-Hoc|iPhoneSimulator.Deploy.0 = Release|Any CPU
		{87228B66-CA52-4B5D-9378-A282C0628657}.Ad-Hoc|x64.ActiveCfg = Release|Any CPU
		{87228B66-CA52-4B5D-9378-A282C0628657}.Ad-Hoc|x64.Build.0 = Release|Any CPU
		{87228B66-CA52-4B5D-9378-A282C0628657}.Ad-Hoc|x64.Deploy.0 = Release|Any CPU
		{87228B66-CA52-4B5D-9378-A282C0628657}.Ad-Hoc|x86.ActiveCfg = Release|Any CPU
		{87228B66-CA52-4B5D-9378-A282C0628657}.Ad-Hoc|x86.Build.0 = Release|Any CPU
		{87228B66-CA52-4B5D-9378-A282C0628657}.Ad-Hoc|x86.Deploy.0 = Release|Any CPU
		{87228B66-CA52-4B5D-9378-A282C0628657}.AppStore|Any CPU.ActiveCfg = Release|Any CPU
		{87228B66-CA52-4B5D-9378-A282C0628657}.AppStore|Any CPU.Build.0 = Release|Any CPU
		{87228B66-CA52-4B5D-9378-A282C0628657}.AppStore|Any CPU.Deploy.0 = Release|Any CPU
		{87228B66-CA52-4B5D-9378-A282C0628657}.AppStore|ARM.ActiveCfg = Release|Any CPU
		{87228B66-CA52-4B5D-9378-A282C0628657}.AppStore|ARM.Build.0 = Release|Any CPU
		{87228B66-CA52-4B5D-9378-A282C0628657}.AppStore|ARM.Deploy.0 = Release|Any CPU
		{87228B66-CA52-4B5D-9378-A282C0628657}.AppStore|iPhone.ActiveCfg = Release|Any CPU
		{87228B66-CA52-4B5D-9378-A282C0628657}.AppStore|iPhone.Build.0 = Release|Any CPU
		{87228B66-CA52-4B5D-9378-A282C0628657}.AppStore|iPhone.Deploy.0 = Release|Any CPU
		{87228B66-CA52-4B5D-9378-A282C0628657}.AppStore|iPhoneSimulator.ActiveCfg = Release|Any CPU
		{87228B66-CA52-4B5D-9378-A282C0628657}.AppStore|iPhoneSimulator.Build.0 = Release|Any CPU
		{87228B66-CA52-4B5D-9378-A282C0628657}.AppStore|iPhoneSimulator.Deploy.0 = Release|Any CPU
		{87228B66-CA52-4B5D-9378-A282C0628657}.AppStore|x64.ActiveCfg = Release|Any CPU
		{87228B66-CA52-4B5D-9378-A282C0628657}.AppStore|x64.Build.0 = Release|Any CPU
		{87228B66-CA52-4B5D-9378-A282C0628657}.AppStore|x64.Deploy.0 = Release|Any CPU
		{87228B66-CA52-4B5D-9378-A282C0628657}.AppStore|x86.ActiveCfg = Release|Any CPU
		{87228B66-CA52-4B5D-9378-A282C0628657}.AppStore|x86.Build.0 = Release|Any CPU
		{87228B66-CA52-4B5D-9378-A282C0628657}.AppStore|x86.Deploy.0 = Release|Any CPU
		{87228B66-CA52-4B5D-9378-A282C0628657}.Debug|Any CPU.ActiveCfg = Debug|Any CPU
		{87228B66-CA52-4B5D-9378-A282C0628657}.Debug|Any CPU.Build.0 = Debug|Any CPU
		{87228B66-CA52-4B5D-9378-A282C0628657}.Debug|Any CPU.Deploy.0 = Debug|Any CPU
		{87228B66-CA52-4B5D-9378-A282C0628657}.Debug|ARM.ActiveCfg = Debug|Any CPU
		{87228B66-CA52-4B5D-9378-A282C0628657}.Debug|ARM.Build.0 = Debug|Any CPU
		{87228B66-CA52-4B5D-9378-A282C0628657}.Debug|ARM.Deploy.0 = Debug|Any CPU
		{87228B66-CA52-4B5D-9378-A282C0628657}.Debug|iPhone.ActiveCfg = Debug|Any CPU
		{87228B66-CA52-4B5D-9378-A282C0628657}.Debug|iPhone.Build.0 = Debug|Any CPU
		{87228B66-CA52-4B5D-9378-A282C0628657}.Debug|iPhone.Deploy.0 = Debug|Any CPU
		{87228B66-CA52-4B5D-9378-A282C0628657}.Debug|iPhoneSimulator.ActiveCfg = Debug|Any CPU
		{87228B66-CA52-4B5D-9378-A282C0628657}.Debug|iPhoneSimulator.Build.0 = Debug|Any CPU
		{87228B66-CA52-4B5D-9378-A282C0628657}.Debug|iPhoneSimulator.Deploy.0 = Debug|Any CPU
		{87228B66-CA52-4B5D-9378-A282C0628657}.Debug|x64.ActiveCfg = Debug|Any CPU
		{87228B66-CA52-4B5D-9378-A282C0628657}.Debug|x64.Build.0 = Debug|Any CPU
		{87228B66-CA52-4B5D-9378-A282C0628657}.Debug|x64.Deploy.0 = Debug|Any CPU
		{87228B66-CA52-4B5D-9378-A282C0628657}.Debug|x86.ActiveCfg = Debug|Any CPU
		{87228B66-CA52-4B5D-9378-A282C0628657}.Debug|x86.Build.0 = Debug|Any CPU
		{87228B66-CA52-4B5D-9378-A282C0628657}.Debug|x86.Deploy.0 = Debug|Any CPU
		{87228B66-CA52-4B5D-9378-A282C0628657}.Release|Any CPU.ActiveCfg = Release|Any CPU
		{87228B66-CA52-4B5D-9378-A282C0628657}.Release|Any CPU.Build.0 = Release|Any CPU
		{87228B66-CA52-4B5D-9378-A282C0628657}.Release|Any CPU.Deploy.0 = Release|Any CPU
		{87228B66-CA52-4B5D-9378-A282C0628657}.Release|ARM.ActiveCfg = Release|Any CPU
		{87228B66-CA52-4B5D-9378-A282C0628657}.Release|ARM.Build.0 = Release|Any CPU
		{87228B66-CA52-4B5D-9378-A282C0628657}.Release|ARM.Deploy.0 = Release|Any CPU
		{87228B66-CA52-4B5D-9378-A282C0628657}.Release|iPhone.ActiveCfg = Release|Any CPU
		{87228B66-CA52-4B5D-9378-A282C0628657}.Release|iPhone.Build.0 = Release|Any CPU
		{87228B66-CA52-4B5D-9378-A282C0628657}.Release|iPhone.Deploy.0 = Release|Any CPU
		{87228B66-CA52-4B5D-9378-A282C0628657}.Release|iPhoneSimulator.ActiveCfg = Release|Any CPU
		{87228B66-CA52-4B5D-9378-A282C0628657}.Release|iPhoneSimulator.Build.0 = Release|Any CPU
		{87228B66-CA52-4B5D-9378-A282C0628657}.Release|iPhoneSimulator.Deploy.0 = Release|Any CPU
		{87228B66-CA52-4B5D-9378-A282C0628657}.Release|x64.ActiveCfg = Release|Any CPU
		{87228B66-CA52-4B5D-9378-A282C0628657}.Release|x64.Build.0 = Release|Any CPU
		{87228B66-CA52-4B5D-9378-A282C0628657}.Release|x64.Deploy.0 = Release|Any CPU
		{87228B66-CA52-4B5D-9378-A282C0628657}.Release|x86.ActiveCfg = Release|Any CPU
		{87228B66-CA52-4B5D-9378-A282C0628657}.Release|x86.Build.0 = Release|Any CPU
		{87228B66-CA52-4B5D-9378-A282C0628657}.Release|x86.Deploy.0 = Release|Any CPU
		{CE18FE2F-6181-4E82-8C66-4FF0AD744813}.Ad-Hoc|Any CPU.ActiveCfg = Ad-Hoc|iPhone
		{CE18FE2F-6181-4E82-8C66-4FF0AD744813}.Ad-Hoc|ARM.ActiveCfg = Ad-Hoc|iPhone
		{CE18FE2F-6181-4E82-8C66-4FF0AD744813}.Ad-Hoc|iPhone.ActiveCfg = Ad-Hoc|iPhone
		{CE18FE2F-6181-4E82-8C66-4FF0AD744813}.Ad-Hoc|iPhone.Build.0 = Ad-Hoc|iPhone
		{CE18FE2F-6181-4E82-8C66-4FF0AD744813}.Ad-Hoc|iPhoneSimulator.ActiveCfg = Ad-Hoc|iPhoneSimulator
		{CE18FE2F-6181-4E82-8C66-4FF0AD744813}.Ad-Hoc|iPhoneSimulator.Build.0 = Ad-Hoc|iPhoneSimulator
		{CE18FE2F-6181-4E82-8C66-4FF0AD744813}.Ad-Hoc|x64.ActiveCfg = Ad-Hoc|iPhone
		{CE18FE2F-6181-4E82-8C66-4FF0AD744813}.Ad-Hoc|x86.ActiveCfg = Ad-Hoc|iPhone
		{CE18FE2F-6181-4E82-8C66-4FF0AD744813}.AppStore|Any CPU.ActiveCfg = AppStore|iPhone
		{CE18FE2F-6181-4E82-8C66-4FF0AD744813}.AppStore|ARM.ActiveCfg = AppStore|iPhone
		{CE18FE2F-6181-4E82-8C66-4FF0AD744813}.AppStore|iPhone.ActiveCfg = AppStore|iPhone
		{CE18FE2F-6181-4E82-8C66-4FF0AD744813}.AppStore|iPhone.Build.0 = AppStore|iPhone
		{CE18FE2F-6181-4E82-8C66-4FF0AD744813}.AppStore|iPhoneSimulator.ActiveCfg = AppStore|iPhoneSimulator
		{CE18FE2F-6181-4E82-8C66-4FF0AD744813}.AppStore|iPhoneSimulator.Build.0 = AppStore|iPhoneSimulator
		{CE18FE2F-6181-4E82-8C66-4FF0AD744813}.AppStore|x64.ActiveCfg = AppStore|iPhone
		{CE18FE2F-6181-4E82-8C66-4FF0AD744813}.AppStore|x86.ActiveCfg = AppStore|iPhone
		{CE18FE2F-6181-4E82-8C66-4FF0AD744813}.Debug|Any CPU.ActiveCfg = Debug|iPhone
		{CE18FE2F-6181-4E82-8C66-4FF0AD744813}.Debug|ARM.ActiveCfg = Debug|iPhone
		{CE18FE2F-6181-4E82-8C66-4FF0AD744813}.Debug|iPhone.ActiveCfg = Debug|iPhone
		{CE18FE2F-6181-4E82-8C66-4FF0AD744813}.Debug|iPhone.Build.0 = Debug|iPhone
		{CE18FE2F-6181-4E82-8C66-4FF0AD744813}.Debug|iPhoneSimulator.ActiveCfg = Debug|iPhoneSimulator
		{CE18FE2F-6181-4E82-8C66-4FF0AD744813}.Debug|iPhoneSimulator.Build.0 = Debug|iPhoneSimulator
		{CE18FE2F-6181-4E82-8C66-4FF0AD744813}.Debug|x64.ActiveCfg = Debug|iPhone
		{CE18FE2F-6181-4E82-8C66-4FF0AD744813}.Debug|x86.ActiveCfg = Debug|iPhone
		{CE18FE2F-6181-4E82-8C66-4FF0AD744813}.Release|Any CPU.ActiveCfg = Release|iPhone
		{CE18FE2F-6181-4E82-8C66-4FF0AD744813}.Release|ARM.ActiveCfg = Release|iPhone
		{CE18FE2F-6181-4E82-8C66-4FF0AD744813}.Release|iPhone.ActiveCfg = Release|iPhone
		{CE18FE2F-6181-4E82-8C66-4FF0AD744813}.Release|iPhone.Build.0 = Release|iPhone
		{CE18FE2F-6181-4E82-8C66-4FF0AD744813}.Release|iPhoneSimulator.ActiveCfg = Release|iPhoneSimulator
		{CE18FE2F-6181-4E82-8C66-4FF0AD744813}.Release|iPhoneSimulator.Build.0 = Release|iPhoneSimulator
		{CE18FE2F-6181-4E82-8C66-4FF0AD744813}.Release|x64.ActiveCfg = Release|iPhone
		{CE18FE2F-6181-4E82-8C66-4FF0AD744813}.Release|x86.ActiveCfg = Release|iPhone
		{1983C32D-AF4C-4019-AFAD-4DB390D78B20}.Ad-Hoc|Any CPU.ActiveCfg = Release|x86
		{1983C32D-AF4C-4019-AFAD-4DB390D78B20}.Ad-Hoc|Any CPU.Build.0 = Release|x86
		{1983C32D-AF4C-4019-AFAD-4DB390D78B20}.Ad-Hoc|Any CPU.Deploy.0 = Release|x86
		{1983C32D-AF4C-4019-AFAD-4DB390D78B20}.Ad-Hoc|ARM.ActiveCfg = Release|ARM
		{1983C32D-AF4C-4019-AFAD-4DB390D78B20}.Ad-Hoc|ARM.Build.0 = Release|ARM
		{1983C32D-AF4C-4019-AFAD-4DB390D78B20}.Ad-Hoc|ARM.Deploy.0 = Release|ARM
		{1983C32D-AF4C-4019-AFAD-4DB390D78B20}.Ad-Hoc|iPhone.ActiveCfg = Release|x86
		{1983C32D-AF4C-4019-AFAD-4DB390D78B20}.Ad-Hoc|iPhone.Build.0 = Release|x86
		{1983C32D-AF4C-4019-AFAD-4DB390D78B20}.Ad-Hoc|iPhone.Deploy.0 = Release|x86
		{1983C32D-AF4C-4019-AFAD-4DB390D78B20}.Ad-Hoc|iPhoneSimulator.ActiveCfg = Release|x86
		{1983C32D-AF4C-4019-AFAD-4DB390D78B20}.Ad-Hoc|iPhoneSimulator.Build.0 = Release|x86
		{1983C32D-AF4C-4019-AFAD-4DB390D78B20}.Ad-Hoc|iPhoneSimulator.Deploy.0 = Release|x86
		{1983C32D-AF4C-4019-AFAD-4DB390D78B20}.Ad-Hoc|x64.ActiveCfg = Release|x64
		{1983C32D-AF4C-4019-AFAD-4DB390D78B20}.Ad-Hoc|x64.Build.0 = Release|x64
		{1983C32D-AF4C-4019-AFAD-4DB390D78B20}.Ad-Hoc|x64.Deploy.0 = Release|x64
		{1983C32D-AF4C-4019-AFAD-4DB390D78B20}.Ad-Hoc|x86.ActiveCfg = Release|x86
		{1983C32D-AF4C-4019-AFAD-4DB390D78B20}.Ad-Hoc|x86.Build.0 = Release|x86
		{1983C32D-AF4C-4019-AFAD-4DB390D78B20}.Ad-Hoc|x86.Deploy.0 = Release|x86
		{1983C32D-AF4C-4019-AFAD-4DB390D78B20}.AppStore|Any CPU.ActiveCfg = Release|x86
		{1983C32D-AF4C-4019-AFAD-4DB390D78B20}.AppStore|Any CPU.Build.0 = Release|x86
		{1983C32D-AF4C-4019-AFAD-4DB390D78B20}.AppStore|Any CPU.Deploy.0 = Release|x86
		{1983C32D-AF4C-4019-AFAD-4DB390D78B20}.AppStore|ARM.ActiveCfg = Release|ARM
		{1983C32D-AF4C-4019-AFAD-4DB390D78B20}.AppStore|ARM.Build.0 = Release|ARM
		{1983C32D-AF4C-4019-AFAD-4DB390D78B20}.AppStore|ARM.Deploy.0 = Release|ARM
		{1983C32D-AF4C-4019-AFAD-4DB390D78B20}.AppStore|iPhone.ActiveCfg = Release|x86
		{1983C32D-AF4C-4019-AFAD-4DB390D78B20}.AppStore|iPhone.Build.0 = Release|x86
		{1983C32D-AF4C-4019-AFAD-4DB390D78B20}.AppStore|iPhone.Deploy.0 = Release|x86
		{1983C32D-AF4C-4019-AFAD-4DB390D78B20}.AppStore|iPhoneSimulator.ActiveCfg = Release|x86
		{1983C32D-AF4C-4019-AFAD-4DB390D78B20}.AppStore|iPhoneSimulator.Build.0 = Release|x86
		{1983C32D-AF4C-4019-AFAD-4DB390D78B20}.AppStore|iPhoneSimulator.Deploy.0 = Release|x86
		{1983C32D-AF4C-4019-AFAD-4DB390D78B20}.AppStore|x64.ActiveCfg = Release|x64
		{1983C32D-AF4C-4019-AFAD-4DB390D78B20}.AppStore|x64.Build.0 = Release|x64
		{1983C32D-AF4C-4019-AFAD-4DB390D78B20}.AppStore|x64.Deploy.0 = Release|x64
		{1983C32D-AF4C-4019-AFAD-4DB390D78B20}.AppStore|x86.ActiveCfg = Release|x86
		{1983C32D-AF4C-4019-AFAD-4DB390D78B20}.AppStore|x86.Build.0 = Release|x86
		{1983C32D-AF4C-4019-AFAD-4DB390D78B20}.AppStore|x86.Deploy.0 = Release|x86
		{1983C32D-AF4C-4019-AFAD-4DB390D78B20}.Debug|Any CPU.ActiveCfg = Debug|x86
		{1983C32D-AF4C-4019-AFAD-4DB390D78B20}.Debug|ARM.ActiveCfg = Debug|ARM
		{1983C32D-AF4C-4019-AFAD-4DB390D78B20}.Debug|ARM.Build.0 = Debug|ARM
		{1983C32D-AF4C-4019-AFAD-4DB390D78B20}.Debug|ARM.Deploy.0 = Debug|ARM
		{1983C32D-AF4C-4019-AFAD-4DB390D78B20}.Debug|iPhone.ActiveCfg = Debug|x86
		{1983C32D-AF4C-4019-AFAD-4DB390D78B20}.Debug|iPhoneSimulator.ActiveCfg = Debug|x86
		{1983C32D-AF4C-4019-AFAD-4DB390D78B20}.Debug|x64.ActiveCfg = Debug|x64
		{1983C32D-AF4C-4019-AFAD-4DB390D78B20}.Debug|x64.Build.0 = Debug|x64
		{1983C32D-AF4C-4019-AFAD-4DB390D78B20}.Debug|x64.Deploy.0 = Debug|x64
		{1983C32D-AF4C-4019-AFAD-4DB390D78B20}.Debug|x86.ActiveCfg = Debug|x86
		{1983C32D-AF4C-4019-AFAD-4DB390D78B20}.Debug|x86.Build.0 = Debug|x86
		{1983C32D-AF4C-4019-AFAD-4DB390D78B20}.Debug|x86.Deploy.0 = Debug|x86
		{1983C32D-AF4C-4019-AFAD-4DB390D78B20}.Release|Any CPU.ActiveCfg = Release|x86
		{1983C32D-AF4C-4019-AFAD-4DB390D78B20}.Release|ARM.ActiveCfg = Release|ARM
		{1983C32D-AF4C-4019-AFAD-4DB390D78B20}.Release|ARM.Build.0 = Release|ARM
		{1983C32D-AF4C-4019-AFAD-4DB390D78B20}.Release|ARM.Deploy.0 = Release|ARM
		{1983C32D-AF4C-4019-AFAD-4DB390D78B20}.Release|iPhone.ActiveCfg = Release|x86
		{1983C32D-AF4C-4019-AFAD-4DB390D78B20}.Release|iPhoneSimulator.ActiveCfg = Release|x86
		{1983C32D-AF4C-4019-AFAD-4DB390D78B20}.Release|x64.ActiveCfg = Release|x64
		{1983C32D-AF4C-4019-AFAD-4DB390D78B20}.Release|x64.Build.0 = Release|x64
		{1983C32D-AF4C-4019-AFAD-4DB390D78B20}.Release|x64.Deploy.0 = Release|x64
		{1983C32D-AF4C-4019-AFAD-4DB390D78B20}.Release|x86.ActiveCfg = Release|x86
		{1983C32D-AF4C-4019-AFAD-4DB390D78B20}.Release|x86.Build.0 = Release|x86
		{1983C32D-AF4C-4019-AFAD-4DB390D78B20}.Release|x86.Deploy.0 = Release|x86
		{E9B659EB-4323-43E6-801E-BEEA12BDBA9B}.Ad-Hoc|Any CPU.ActiveCfg = Debug|Any CPU
		{E9B659EB-4323-43E6-801E-BEEA12BDBA9B}.Ad-Hoc|Any CPU.Build.0 = Debug|Any CPU
		{E9B659EB-4323-43E6-801E-BEEA12BDBA9B}.Ad-Hoc|ARM.ActiveCfg = Debug|Any CPU
		{E9B659EB-4323-43E6-801E-BEEA12BDBA9B}.Ad-Hoc|ARM.Build.0 = Debug|Any CPU
		{E9B659EB-4323-43E6-801E-BEEA12BDBA9B}.Ad-Hoc|iPhone.ActiveCfg = Debug|Any CPU
		{E9B659EB-4323-43E6-801E-BEEA12BDBA9B}.Ad-Hoc|iPhone.Build.0 = Debug|Any CPU
		{E9B659EB-4323-43E6-801E-BEEA12BDBA9B}.Ad-Hoc|iPhoneSimulator.ActiveCfg = Debug|Any CPU
		{E9B659EB-4323-43E6-801E-BEEA12BDBA9B}.Ad-Hoc|iPhoneSimulator.Build.0 = Debug|Any CPU
		{E9B659EB-4323-43E6-801E-BEEA12BDBA9B}.Ad-Hoc|x64.ActiveCfg = Debug|Any CPU
		{E9B659EB-4323-43E6-801E-BEEA12BDBA9B}.Ad-Hoc|x64.Build.0 = Debug|Any CPU
		{E9B659EB-4323-43E6-801E-BEEA12BDBA9B}.Ad-Hoc|x86.ActiveCfg = Debug|Any CPU
		{E9B659EB-4323-43E6-801E-BEEA12BDBA9B}.Ad-Hoc|x86.Build.0 = Debug|Any CPU
		{E9B659EB-4323-43E6-801E-BEEA12BDBA9B}.AppStore|Any CPU.ActiveCfg = Debug|Any CPU
		{E9B659EB-4323-43E6-801E-BEEA12BDBA9B}.AppStore|Any CPU.Build.0 = Debug|Any CPU
		{E9B659EB-4323-43E6-801E-BEEA12BDBA9B}.AppStore|ARM.ActiveCfg = Debug|Any CPU
		{E9B659EB-4323-43E6-801E-BEEA12BDBA9B}.AppStore|ARM.Build.0 = Debug|Any CPU
		{E9B659EB-4323-43E6-801E-BEEA12BDBA9B}.AppStore|iPhone.ActiveCfg = Debug|Any CPU
		{E9B659EB-4323-43E6-801E-BEEA12BDBA9B}.AppStore|iPhone.Build.0 = Debug|Any CPU
		{E9B659EB-4323-43E6-801E-BEEA12BDBA9B}.AppStore|iPhoneSimulator.ActiveCfg = Debug|Any CPU
		{E9B659EB-4323-43E6-801E-BEEA12BDBA9B}.AppStore|iPhoneSimulator.Build.0 = Debug|Any CPU
		{E9B659EB-4323-43E6-801E-BEEA12BDBA9B}.AppStore|x64.ActiveCfg = Debug|Any CPU
		{E9B659EB-4323-43E6-801E-BEEA12BDBA9B}.AppStore|x64.Build.0 = Debug|Any CPU
		{E9B659EB-4323-43E6-801E-BEEA12BDBA9B}.AppStore|x86.ActiveCfg = Debug|Any CPU
		{E9B659EB-4323-43E6-801E-BEEA12BDBA9B}.AppStore|x86.Build.0 = Debug|Any CPU
		{E9B659EB-4323-43E6-801E-BEEA12BDBA9B}.Debug|Any CPU.ActiveCfg = Debug|Any CPU
		{E9B659EB-4323-43E6-801E-BEEA12BDBA9B}.Debug|Any CPU.Build.0 = Debug|Any CPU
		{E9B659EB-4323-43E6-801E-BEEA12BDBA9B}.Debug|ARM.ActiveCfg = Debug|Any CPU
		{E9B659EB-4323-43E6-801E-BEEA12BDBA9B}.Debug|ARM.Build.0 = Debug|Any CPU
		{E9B659EB-4323-43E6-801E-BEEA12BDBA9B}.Debug|iPhone.ActiveCfg = Debug|Any CPU
		{E9B659EB-4323-43E6-801E-BEEA12BDBA9B}.Debug|iPhone.Build.0 = Debug|Any CPU
		{E9B659EB-4323-43E6-801E-BEEA12BDBA9B}.Debug|iPhoneSimulator.ActiveCfg = Debug|Any CPU
		{E9B659EB-4323-43E6-801E-BEEA12BDBA9B}.Debug|iPhoneSimulator.Build.0 = Debug|Any CPU
		{E9B659EB-4323-43E6-801E-BEEA12BDBA9B}.Debug|x64.ActiveCfg = Debug|Any CPU
		{E9B659EB-4323-43E6-801E-BEEA12BDBA9B}.Debug|x64.Build.0 = Debug|Any CPU
		{E9B659EB-4323-43E6-801E-BEEA12BDBA9B}.Debug|x86.ActiveCfg = Debug|Any CPU
		{E9B659EB-4323-43E6-801E-BEEA12BDBA9B}.Debug|x86.Build.0 = Debug|Any CPU
		{E9B659EB-4323-43E6-801E-BEEA12BDBA9B}.Release|Any CPU.ActiveCfg = Release|Any CPU
		{E9B659EB-4323-43E6-801E-BEEA12BDBA9B}.Release|Any CPU.Build.0 = Release|Any CPU
		{E9B659EB-4323-43E6-801E-BEEA12BDBA9B}.Release|ARM.ActiveCfg = Release|Any CPU
		{E9B659EB-4323-43E6-801E-BEEA12BDBA9B}.Release|ARM.Build.0 = Release|Any CPU
		{E9B659EB-4323-43E6-801E-BEEA12BDBA9B}.Release|iPhone.ActiveCfg = Release|Any CPU
		{E9B659EB-4323-43E6-801E-BEEA12BDBA9B}.Release|iPhone.Build.0 = Release|Any CPU
		{E9B659EB-4323-43E6-801E-BEEA12BDBA9B}.Release|iPhoneSimulator.ActiveCfg = Release|Any CPU
		{E9B659EB-4323-43E6-801E-BEEA12BDBA9B}.Release|iPhoneSimulator.Build.0 = Release|Any CPU
		{E9B659EB-4323-43E6-801E-BEEA12BDBA9B}.Release|x64.ActiveCfg = Release|Any CPU
		{E9B659EB-4323-43E6-801E-BEEA12BDBA9B}.Release|x64.Build.0 = Release|Any CPU
		{E9B659EB-4323-43E6-801E-BEEA12BDBA9B}.Release|x86.ActiveCfg = Release|Any CPU
		{E9B659EB-4323-43E6-801E-BEEA12BDBA9B}.Release|x86.Build.0 = Release|Any CPU
	EndGlobalSection
	GlobalSection(SolutionProperties) = preSolution
		HideSolutionNode = FALSE
	EndGlobalSection
	GlobalSection(ExtensibilityGlobals) = postSolution
		SolutionGuid = {1DB994E8-58AC-4F8E-9CD9-2BF26350A849}
	EndGlobalSection
EndGlobal
